cgt.name/pkg/go-mwclient v1.0.3 h1:ywIRG2KBMqINwct/yRH2t44djiMyIgqm0QCcRBBTqGA=
cgt.name/pkg/go-mwclient v1.0.3/go.mod h1:sxgLqpaVbtOhM1KiAUPkkRdsE6au+E64Bq9a2GyAQdU=
github.com/antonholmquist/jason v1.0.1-0.20180605105355-426ade25b261 h1:EhjUMUb2k4WYhEjGTMB3XmD7qf6IAmJQWPpE69sI+sI=
github.com/antonholmquist/jason v1.0.1-0.20180605105355-426ade25b261/go.mod h1:+GxMEKI0Va2U8h3os6oiUAetHAlGMvxjdpAH/9uvUMA=
github.com/mashedkeyboard/ybtools v0.1.0 h1:LvMP3YvbBs318K332FqR8IDDaImZ20q5a9l0BdeFy+k=
github.com/mashedkeyboard/ybtools v0.1.0/go.mod h1:7BV0LX0+Dj+W1KZ+X1glBAh+ykd/l7tcRPn/vqWZi7E=
github.com/mashedkeyboard/ybtools v0.1.1/go.mod h1:7BV0LX0+Dj+W1KZ+X1glBAh+ykd/l7tcRPn/vqWZi7E=
github.com/mashedkeyboard/ybtools v0.1.4 h1:ykbbV2OZrXLkekOP+NUtN3daQ4HcMuMXaZ2FKVOPQvI=
github.com/mashedkeyboard/ybtools v0.1.4/go.mod h1:7BV0LX0+Dj+W1KZ+X1glBAh+ykd/l7tcRPn/vqWZi7E=
github.com/mashedkeyboard/ybtools v0.1.5 h1:MsWcnLvyg0j4auBmr3xCyi4YLPd6BkubyJmRwdW7SBE=
github.com/mashedkeyboard/ybtools v0.1.5/go.mod h1:7BV0LX0+Dj+W1KZ+X1glBAh+ykd/l7tcRPn/vqWZi7E=
github.com/mashedkeyboard/ybtools v0.1.6-0.20200524211424-5071e539e286 h1:xaxtQJ8c4D/mAX6lyGDbXjxeP/1SuOHmqkE2a9hMhXo=
github.com/mashedkeyboard/ybtools v0.1.6-0.20200524211424-5071e539e286/go.mod h1:iSTgySJZHtMLl+UDerV2EVGDhOOWRqdFT8iD0FeBMts=
github.com/mashedkeyboard/ybtools v0.1.6 h1:Q7UNKzpYrgdHVqMYMnH/vpbsGtUn4mZ/ic32qZ7AKPE=
github.com/mashedkeyboard/ybtools v0.1.6/go.mod h1:iSTgySJZHtMLl+UDerV2EVGDhOOWRqdFT8iD0FeBMts=
github.com/mashedkeyboard/ybtools v0.1.7 h1:gypjDCQWHFbf8wyRvpscwpLa87L/uZu8VjI/lJkYMTI=
github.com/mashedkeyboard/ybtools v0.1.7/go.mod h1:iSTgySJZHtMLl+UDerV2EVGDhOOWRqdFT8iD0FeBMts=
github.com/mashedkeyboard/ybtools v0.1.8 h1:oUB05z3/OM4IsobS/xySwbQrnQCc9n8O47CE9V9/6x0=
github.com/mashedkeyboard/ybtools v0.1.8/go.mod h1:iSTgySJZHtMLl+UDerV2EVGDhOOWRqdFT8iD0FeBMts=
github.com/mashedkeyboard/ybtools v1.0.0 h1:EtXFY+5EzMCEoZfTKyclhnNXcYep+L7s5sngjp/22G0=
github.com/mashedkeyboard/ybtools v1.0.0/go.mod h1:iSTgySJZHtMLl+UDerV2EVGDhOOWRqdFT8iD0FeBMts=
github.com/mashedkeyboard/ybtools v1.0.1 h1:AASfEH6ppd3hBMuiM5+e50/5WqsXQ1B0YFYB4RuCm5A=
github.com/mashedkeyboard/ybtools v1.0.1/go.mod h1:iSTgySJZHtMLl+UDerV2EVGDhOOWRqdFT8iD0FeBMts=
github.com/metal3d/go-slugify v0.0.0-20160607203414-7ac2014b2f23 h1:UhdgaX0bR9ZSz+jRK6cPQLU94Q3KB14ijuHum8YbvBA=
github.com/metal3d/go-slugify v0.0.0-20160607203414-7ac2014b2f23/go.mod h1:sCALRmIiknhX1lHQ8flRsWKMazu5BBjMochEnDupxrk=
github.com/mrjones/oauth v0.0.0-20190623134757-126b35219450 h1:j2kD3MT1z4PXCiUllUJF9mWUESr9TWKS7iEKsQ/IipM=
github.com/mrjones/oauth v0.0.0-20190623134757-126b35219450/go.mod h1:skjdDftzkFALcuGzYSklqYd8gvat6F1gZJ4YPVbkZpM=
gopkg.in/check.v1 v0.0.0-20161208181325-20d25e280405 h1:yhCVgyC4o1eVCa2tZl7eS0r+SDo693bJlVdllGtEeKM=
gopkg.in/check.v1 v0.0.0-20161208181325-20d25e280405/go.mod h1:Co6ibVJAznAaIkqp8huTwlJQCZ016jof/cbN4VW5Yz0=
gopkg.in/yaml.v2 v2.3.0 h1:clyUAQHOM3G0M3f5vQj7LuJrETvjVot3Z5el9nffUtU=
gopkg.in/yaml.v2 v2.3.0/go.mod h1:hI93XBmqTisBFMUTm0b8Fm+jr3Dg1NNxqwp+5A1VGuI=
